
Microsoft Visual Studio Solution File, Format Version 12.00
# Visual Studio Version 17
VisualStudioVersion = 17.4.33205.214
MinimumVisualStudioVersion = 10.0.40219.1
Project("{9A19103F-16F7-4668-BE54-9A1E7A4F7556}") = "BugTracker", "BugTracker.csproj", "{C950A6F0-7B05-4B80-900C-641A5527976B}"
EndProject
Global
	GlobalSection(SolutionConfigurationPlatforms) = preSolution
		Debug|Any CPU = Debug|Any CPU
		Release|Any CPU = Release|Any CPU
	EndGlobalSection
	GlobalSection(ProjectConfigurationPlatforms) = postSolution
		{C950A6F0-7B05-4B80-900C-641A5527976B}.Debug|Any CPU.ActiveCfg = Debug|Any CPU
		{C950A6F0-7B05-4B80-900C-641A5527976B}.Debug|Any CPU.Build.0 = Debug|Any CPU
		{C950A6F0-7B05-4B80-900C-641A5527976B}.Release|Any CPU.ActiveCfg = Release|Any CPU
		{C950A6F0-7B05-4B80-900C-641A5527976B}.Release|Any CPU.Build.0 = Release|Any CPU
	EndGlobalSection
	GlobalSection(SolutionProperties) = preSolution
		HideSolutionNode = FALSE
	EndGlobalSection
	GlobalSection(ExtensibilityGlobals) = postSolution
		SolutionGuid = {3303F9A0-14D6-4645-8028-C17A569C7DB8}
	EndGlobalSection
EndGlobal
